
Microsoft Visual Studio Solution File, Format Version 12.00
# Visual Studio Version 16
VisualStudioVersion = 16.0.31515.178
MinimumVisualStudioVersion = 10.0.40219.1
Project("{FAE04EC0-301F-11D3-BF4B-00C04F79EFBC}") = "MyFirstApp.Android", "MyFirstApp\MyFirstApp.Android\MyFirstApp.Android.csproj", "{A1879BA5-5CB6-4ED3-8085-FA931C79A965}"
EndProject
Project("{FAE04EC0-301F-11D3-BF4B-00C04F79EFBC}") = "MyFirstApp.iOS", "MyFirstApp\MyFirstApp.iOS\MyFirstApp.iOS.csproj", "{CD1BFEDB-3F5B-4890-860D-A42696A65CA2}"
EndProject
Project("{FAE04EC0-301F-11D3-BF4B-00C04F79EFBC}") = "MyFirstApp", "MyFirstApp\MyFirstApp\MyFirstApp.csproj", "{19FB94FB-34B4-479B-8175-5713043216D9}"
EndProject
Global
	GlobalSection(SolutionConfigurationPlatforms) = preSolution
		Debug|Any CPU = Debug|Any CPU
		Debug|iPhone = Debug|iPhone
		Debug|iPhoneSimulator = Debug|iPhoneSimulator
		Release|Any CPU = Release|Any CPU
		Release|iPhone = Release|iPhone
		Release|iPhoneSimulator = Release|iPhoneSimulator
	EndGlobalSection
	GlobalSection(ProjectConfigurationPlatforms) = postSolution
		{A1879BA5-5CB6-4ED3-8085-FA931C79A965}.Debug|Any CPU.ActiveCfg = Debug|Any CPU
		{A1879BA5-5CB6-4ED3-8085-FA931C79A965}.Debug|Any CPU.Build.0 = Debug|Any CPU
		{A1879BA5-5CB6-4ED3-8085-FA931C79A965}.Debug|Any CPU.Deploy.0 = Debug|Any CPU
		{A1879BA5-5CB6-4ED3-8085-FA931C79A965}.Debug|iPhone.ActiveCfg = Debug|Any CPU
		{A1879BA5-5CB6-4ED3-8085-FA931C79A965}.Debug|iPhone.Build.0 = Debug|Any CPU
		{A1879BA5-5CB6-4ED3-8085-FA931C79A965}.Debug|iPhone.Deploy.0 = Debug|Any CPU
		{A1879BA5-5CB6-4ED3-8085-FA931C79A965}.Debug|iPhoneSimulator.ActiveCfg = Debug|Any CPU
		{A1879BA5-5CB6-4ED3-8085-FA931C79A965}.Debug|iPhoneSimulator.Build.0 = Debug|Any CPU
		{A1879BA5-5CB6-4ED3-8085-FA931C79A965}.Debug|iPhoneSimulator.Deploy.0 = Debug|Any CPU
		{A1879BA5-5CB6-4ED3-8085-FA931C79A965}.Release|Any CPU.ActiveCfg = Release|Any CPU
		{A1879BA5-5CB6-4ED3-8085-FA931C79A965}.Release|Any CPU.Build.0 = Release|Any CPU
		{A1879BA5-5CB6-4ED3-8085-FA931C79A965}.Release|Any CPU.Deploy.0 = Release|Any CPU
		{A1879BA5-5CB6-4ED3-8085-FA931C79A965}.Release|iPhone.ActiveCfg = Release|Any CPU
		{A1879BA5-5CB6-4ED3-8085-FA931C79A965}.Release|iPhone.Build.0 = Release|Any CPU
		{A1879BA5-5CB6-4ED3-8085-FA931C79A965}.Release|iPhone.Deploy.0 = Release|Any CPU
		{A1879BA5-5CB6-4ED3-8085-FA931C79A965}.Release|iPhoneSimulator.ActiveCfg = Release|Any CPU
		{A1879BA5-5CB6-4ED3-8085-FA931C79A965}.Release|iPhoneSimulator.Build.0 = Release|Any CPU
		{A1879BA5-5CB6-4ED3-8085-FA931C79A965}.Release|iPhoneSimulator.Deploy.0 = Release|Any CPU
		{CD1BFEDB-3F5B-4890-860D-A42696A65CA2}.Debug|Any CPU.ActiveCfg = Debug|iPhone
		{CD1BFEDB-3F5B-4890-860D-A42696A65CA2}.Debug|Any CPU.Build.0 = Debug|iPhone
		{CD1BFEDB-3F5B-4890-860D-A42696A65CA2}.Debug|Any CPU.Deploy.0 = Debug|iPhone
		{CD1BFEDB-3F5B-4890-860D-A42696A65CA2}.Debug|iPhone.ActiveCfg = Debug|iPhone
		{CD1BFEDB-3F5B-4890-860D-A42696A65CA2}.Debug|iPhone.Build.0 = Debug|iPhone
		{CD1BFEDB-3F5B-4890-860D-A42696A65CA2}.Debug|iPhone.Deploy.0 = Debug|iPhone
		{CD1BFEDB-3F5B-4890-860D-A42696A65CA2}.Debug|iPhoneSimulator.ActiveCfg = Debug|iPhoneSimulator
		{CD1BFEDB-3F5B-4890-860D-A42696A65CA2}.Debug|iPhoneSimulator.Build.0 = Debug|iPhoneSimulator
		{CD1BFEDB-3F5B-4890-860D-A42696A65CA2}.Debug|iPhoneSimulator.Deploy.0 = Debug|iPhoneSimulator
		{CD1BFEDB-3F5B-4890-860D-A42696A65CA2}.Release|Any CPU.ActiveCfg = Release|iPhoneSimulator
		{CD1BFEDB-3F5B-4890-860D-A42696A65CA2}.Release|Any CPU.Build.0 = Release|iPhoneSimulator
		{CD1BFEDB-3F5B-4890-860D-A42696A65CA2}.Release|Any CPU.Deploy.0 = Release|iPhoneSimulator
		{CD1BFEDB-3F5B-4890-860D-A42696A65CA2}.Release|iPhone.ActiveCfg = Release|iPhone
		{CD1BFEDB-3F5B-4890-860D-A42696A65CA2}.Release|iPhone.Build.0 = Release|iPhone
		{CD1BFEDB-3F5B-4890-860D-A42696A65CA2}.Release|iPhone.Deploy.0 = Release|iPhone
		{CD1BFEDB-3F5B-4890-860D-A42696A65CA2}.Release|iPhoneSimulator.ActiveCfg = Release|iPhoneSimulator
		{CD1BFEDB-3F5B-4890-860D-A42696A65CA2}.Release|iPhoneSimulator.Build.0 = Release|iPhoneSimulator
		{CD1BFEDB-3F5B-4890-860D-A42696A65CA2}.Release|iPhoneSimulator.Deploy.0 = Release|iPhoneSimulator
		{19FB94FB-34B4-479B-8175-5713043216D9}.Debug|Any CPU.ActiveCfg = Debug|Any CPU
		{19FB94FB-34B4-479B-8175-5713043216D9}.Debug|Any CPU.Build.0 = Debug|Any CPU
		{19FB94FB-34B4-479B-8175-5713043216D9}.Debug|Any CPU.Deploy.0 = Debug|Any CPU
		{19FB94FB-34B4-479B-8175-5713043216D9}.Debug|iPhone.ActiveCfg = Debug|Any CPU
		{19FB94FB-34B4-479B-8175-5713043216D9}.Debug|iPhone.Build.0 = Debug|Any CPU
		{19FB94FB-34B4-479B-8175-5713043216D9}.Debug|iPhone.Deploy.0 = Debug|Any CPU
		{19FB94FB-34B4-479B-8175-5713043216D9}.Debug|iPhoneSimulator.ActiveCfg = Debug|Any CPU
		{19FB94FB-34B4-479B-8175-5713043216D9}.Debug|iPhoneSimulator.Build.0 = Debug|Any CPU
		{19FB94FB-34B4-479B-8175-5713043216D9}.Debug|iPhoneSimulator.Deploy.0 = Debug|Any CPU
		{19FB94FB-34B4-479B-8175-5713043216D9}.Release|Any CPU.ActiveCfg = Release|Any CPU
		{19FB94FB-34B4-479B-8175-5713043216D9}.Release|Any CPU.Build.0 = Release|Any CPU
		{19FB94FB-34B4-479B-8175-5713043216D9}.Release|Any CPU.Deploy.0 = Release|Any CPU
		{19FB94FB-34B4-479B-8175-5713043216D9}.Release|iPhone.ActiveCfg = Release|Any CPU
		{19FB94FB-34B4-479B-8175-5713043216D9}.Release|iPhone.Build.0 = Release|Any CPU
		{19FB94FB-34B4-479B-8175-5713043216D9}.Release|iPhone.Deploy.0 = Release|Any CPU
		{19FB94FB-34B4-479B-8175-5713043216D9}.Release|iPhoneSimulator.ActiveCfg = Release|Any CPU
		{19FB94FB-34B4-479B-8175-5713043216D9}.Release|iPhoneSimulator.Build.0 = Release|Any CPU
		{19FB94FB-34B4-479B-8175-5713043216D9}.Release|iPhoneSimulator.Deploy.0 = Release|Any CPU
	EndGlobalSection
	GlobalSection(SolutionProperties) = preSolution
		HideSolutionNode = FALSE
	EndGlobalSection
	GlobalSection(ExtensibilityGlobals) = postSolution
		SolutionGuid = {727C2552-3E55-4209-AA9B-5ADDC8EF4CF5}
	EndGlobalSection
EndGlobal
